
Microsoft Visual Studio Solution File, Format Version 12.00
# Visual Studio 15
VisualStudioVersion = 15.0.27004.2006
MinimumVisualStudioVersion = 10.0.40219.1
Project("{FAE04EC0-301F-11D3-BF4B-00C04F79EFBC}") = "Calculator", "Calculator\Calculator.csproj", "{81E6CF0E-5A25-45A7-A888-54DE963B4761}"
EndProject
Project("{FAE04EC0-301F-11D3-BF4B-00C04F79EFBC}") = "Calculation", "Calculation\Calculation.csproj", "{BA44F687-9913-4415-8B14-A527A5B03293}"
EndProject
Project("{9A19103F-16F7-4668-BE54-9A1E7A4F7556}") = "Calculation.NetStandard", "Calculation.NetStandard\Calculation.NetStandard.csproj", "{D5D42F27-92EE-41BE-9E90-F8F7729E7795}"
EndProject
Project("{FAE04EC0-301F-11D3-BF4B-00C04F79EFBC}") = "Calculator.UWP", "Calculator.UWP\Calculator.UWP.csproj", "{F3F1B90F-DAD6-45A6-A5F7-7CFA6479D32C}"
EndProject
Global
	GlobalSection(SolutionConfigurationPlatforms) = preSolution
		Debug|Any CPU = Debug|Any CPU
		Debug|ARM = Debug|ARM
		Debug|x64 = Debug|x64
		Debug|x86 = Debug|x86
		Release|Any CPU = Release|Any CPU
		Release|ARM = Release|ARM
		Release|x64 = Release|x64
		Release|x86 = Release|x86
	EndGlobalSection
	GlobalSection(ProjectConfigurationPlatforms) = postSolution
		{81E6CF0E-5A25-45A7-A888-54DE963B4761}.Debug|Any CPU.ActiveCfg = Debug|Any CPU
		{81E6CF0E-5A25-45A7-A888-54DE963B4761}.Debug|Any CPU.Build.0 = Debug|Any CPU
		{81E6CF0E-5A25-45A7-A888-54DE963B4761}.Debug|ARM.ActiveCfg = Debug|Any CPU
		{81E6CF0E-5A25-45A7-A888-54DE963B4761}.Debug|ARM.Build.0 = Debug|Any CPU
		{81E6CF0E-5A25-45A7-A888-54DE963B4761}.Debug|x64.ActiveCfg = Debug|Any CPU
		{81E6CF0E-5A25-45A7-A888-54DE963B4761}.Debug|x64.Build.0 = Debug|Any CPU
		{81E6CF0E-5A25-45A7-A888-54DE963B4761}.Debug|x86.ActiveCfg = Debug|Any CPU
		{81E6CF0E-5A25-45A7-A888-54DE963B4761}.Debug|x86.Build.0 = Debug|Any CPU
		{81E6CF0E-5A25-45A7-A888-54DE963B4761}.Release|Any CPU.ActiveCfg = Release|Any CPU
		{81E6CF0E-5A25-45A7-A888-54DE963B4761}.Release|Any CPU.Build.0 = Release|Any CPU
		{81E6CF0E-5A25-45A7-A888-54DE963B4761}.Release|ARM.ActiveCfg = Release|Any CPU
		{81E6CF0E-5A25-45A7-A888-54DE963B4761}.Release|ARM.Build.0 = Release|Any CPU
		{81E6CF0E-5A25-45A7-A888-54DE963B4761}.Release|x64.ActiveCfg = Release|Any CPU
		{81E6CF0E-5A25-45A7-A888-54DE963B4761}.Release|x64.Build.0 = Release|Any CPU
		{81E6CF0E-5A25-45A7-A888-54DE963B4761}.Release|x86.ActiveCfg = Release|Any CPU
		{81E6CF0E-5A25-45A7-A888-54DE963B4761}.Release|x86.Build.0 = Release|Any CPU
		{BA44F687-9913-4415-8B14-A527A5B03293}.Debug|Any CPU.ActiveCfg = Debug|Any CPU
		{BA44F687-9913-4415-8B14-A527A5B03293}.Debug|Any CPU.Build.0 = Debug|Any CPU
		{BA44F687-9913-4415-8B14-A527A5B03293}.Debug|ARM.ActiveCfg = Debug|Any CPU
		{BA44F687-9913-4415-8B14-A527A5B03293}.Debug|x64.ActiveCfg = Debug|Any CPU
		{BA44F687-9913-4415-8B14-A527A5B03293}.Debug|x86.ActiveCfg = Debug|Any CPU
		{BA44F687-9913-4415-8B14-A527A5B03293}.Release|Any CPU.ActiveCfg = Release|Any CPU
		{BA44F687-9913-4415-8B14-A527A5B03293}.Release|Any CPU.Build.0 = Release|Any CPU
		{BA44F687-9913-4415-8B14-A527A5B03293}.Release|ARM.ActiveCfg = Release|Any CPU
		{BA44F687-9913-4415-8B14-A527A5B03293}.Release|x64.ActiveCfg = Release|Any CPU
		{BA44F687-9913-4415-8B14-A527A5B03293}.Release|x86.ActiveCfg = Release|Any CPU
		{D5D42F27-92EE-41BE-9E90-F8F7729E7795}.Debug|Any CPU.ActiveCfg = Debug|Any CPU
		{D5D42F27-92EE-41BE-9E90-F8F7729E7795}.Debug|Any CPU.Build.0 = Debug|Any CPU
		{D5D42F27-92EE-41BE-9E90-F8F7729E7795}.Debug|ARM.ActiveCfg = Debug|Any CPU
		{D5D42F27-92EE-41BE-9E90-F8F7729E7795}.Debug|ARM.Build.0 = Debug|Any CPU
		{D5D42F27-92EE-41BE-9E90-F8F7729E7795}.Debug|x64.ActiveCfg = Debug|Any CPU
		{D5D42F27-92EE-41BE-9E90-F8F7729E7795}.Debug|x64.Build.0 = Debug|Any CPU
		{D5D42F27-92EE-41BE-9E90-F8F7729E7795}.Debug|x86.ActiveCfg = Debug|Any CPU
		{D5D42F27-92EE-41BE-9E90-F8F7729E7795}.Debug|x86.Build.0 = Debug|Any CPU
		{D5D42F27-92EE-41BE-9E90-F8F7729E7795}.Release|Any CPU.ActiveCfg = Release|Any CPU
		{D5D42F27-92EE-41BE-9E90-F8F7729E7795}.Release|Any CPU.Build.0 = Release|Any CPU
		{D5D42F27-92EE-41BE-9E90-F8F7729E7795}.Release|ARM.ActiveCfg = Release|Any CPU
		{D5D42F27-92EE-41BE-9E90-F8F7729E7795}.Release|ARM.Build.0 = Release|Any CPU
		{D5D42F27-92EE-41BE-9E90-F8F7729E7795}.Release|x64.ActiveCfg = Release|Any CPU
		{D5D42F27-92EE-41BE-9E90-F8F7729E7795}.Release|x64.Build.0 = Release|Any CPU
		{D5D42F27-92EE-41BE-9E90-F8F7729E7795}.Release|x86.ActiveCfg = Release|Any CPU
		{D5D42F27-92EE-41BE-9E90-F8F7729E7795}.Release|x86.Build.0 = Release|Any CPU
		{F3F1B90F-DAD6-45A6-A5F7-7CFA6479D32C}.Debug|Any CPU.ActiveCfg = Debug|x86
		{F3F1B90F-DAD6-45A6-A5F7-7CFA6479D32C}.Debug|ARM.ActiveCfg = Debug|ARM
		{F3F1B90F-DAD6-45A6-A5F7-7CFA6479D32C}.Debug|ARM.Build.0 = Debug|ARM
		{F3F1B90F-DAD6-45A6-A5F7-7CFA6479D32C}.Debug|ARM.Deploy.0 = Debug|ARM
		{F3F1B90F-DAD6-45A6-A5F7-7CFA6479D32C}.Debug|x64.ActiveCfg = Debug|x64
		{F3F1B90F-DAD6-45A6-A5F7-7CFA6479D32C}.Debug|x64.Build.0 = Debug|x64
		{F3F1B90F-DAD6-45A6-A5F7-7CFA6479D32C}.Debug|x64.Deploy.0 = Debug|x64
		{F3F1B90F-DAD6-45A6-A5F7-7CFA6479D32C}.Debug|x86.ActiveCfg = Debug|x86
		{F3F1B90F-DAD6-45A6-A5F7-7CFA6479D32C}.Debug|x86.Build.0 = Debug|x86
		{F3F1B90F-DAD6-45A6-A5F7-7CFA6479D32C}.Debug|x86.Deploy.0 = Debug|x86
		{F3F1B90F-DAD6-45A6-A5F7-7CFA6479D32C}.Release|Any CPU.ActiveCfg = Release|x86
		{F3F1B90F-DAD6-45A6-A5F7-7CFA6479D32C}.Release|ARM.ActiveCfg = Release|ARM
		{F3F1B90F-DAD6-45A6-A5F7-7CFA6479D32C}.Release|ARM.Build.0 = Release|ARM
		{F3F1B90F-DAD6-45A6-A5F7-7CFA6479D32C}.Release|ARM.Deploy.0 = Release|ARM
		{F3F1B90F-DAD6-45A6-A5F7-7CFA6479D32C}.Release|x64.ActiveCfg = Release|x64
		{F3F1B90F-DAD6-45A6-A5F7-7CFA6479D32C}.Release|x64.Build.0 = Release|x64
		{F3F1B90F-DAD6-45A6-A5F7-7CFA6479D32C}.Release|x64.Deploy.0 = Release|x64
		{F3F1B90F-DAD6-45A6-A5F7-7CFA6479D32C}.Release|x86.ActiveCfg = Release|x86
		{F3F1B90F-DAD6-45A6-A5F7-7CFA6479D32C}.Release|x86.Build.0 = Release|x86
		{F3F1B90F-DAD6-45A6-A5F7-7CFA6479D32C}.Release|x86.Deploy.0 = Release|x86
	EndGlobalSection
	GlobalSection(SolutionProperties) = preSolution
		HideSolutionNode = FALSE
	EndGlobalSection
	GlobalSection(ExtensibilityGlobals) = postSolution
		SolutionGuid = {E4FE078C-9219-45AF-9959-1658F42E82E3}
	EndGlobalSection
EndGlobal
