
Microsoft Visual Studio Solution File, Format Version 12.00
# Visual Studio 15
VisualStudioVersion = 15.0.27004.2006
MinimumVisualStudioVersion = 10.0.40219.1
Project("{FAE04EC0-301F-11D3-BF4B-00C04F79EFBC}") = "Calculator", "Calculator\Calculator.csproj", "{81E6CF0E-5A25-45A7-A888-54DE963B4761}"
EndProject
Project("{FAE04EC0-301F-11D3-BF4B-00C04F79EFBC}") = "Calculation", "Calculation\Calculation.csproj", "{BA44F687-9913-4415-8B14-A527A5B03293}"
EndProject
Project("{FAE04EC0-301F-11D3-BF4B-00C04F79EFBC}") = "Calculation.NetStandard", "Calculation.NetStandard\Calculation.NetStandard.csproj", "{D5D42F27-92EE-41BE-9E90-F8F7729E7795}"
EndProject
Global
	GlobalSection(SolutionConfigurationPlatforms) = preSolution
		Debug|Any CPU = Debug|Any CPU
		Release|Any CPU = Release|Any CPU
	EndGlobalSection
	GlobalSection(ProjectConfigurationPlatforms) = postSolution
		{81E6CF0E-5A25-45A7-A888-54DE963B4761}.Debug|Any CPU.ActiveCfg = Debug|Any CPU
		{81E6CF0E-5A25-45A7-A888-54DE963B4761}.Debug|Any CPU.Build.0 = Debug|Any CPU
		{81E6CF0E-5A25-45A7-A888-54DE963B4761}.Release|Any CPU.ActiveCfg = Release|Any CPU
		{81E6CF0E-5A25-45A7-A888-54DE963B4761}.Release|Any CPU.Build.0 = Release|Any CPU
		{BA44F687-9913-4415-8B14-A527A5B03293}.Debug|Any CPU.ActiveCfg = Debug|Any CPU
		{BA44F687-9913-4415-8B14-A527A5B03293}.Debug|Any CPU.Build.0 = Debug|Any CPU
		{BA44F687-9913-4415-8B14-A527A5B03293}.Release|Any CPU.ActiveCfg = Release|Any CPU
		{BA44F687-9913-4415-8B14-A527A5B03293}.Release|Any CPU.Build.0 = Release|Any CPU
		{D5D42F27-92EE-41BE-9E90-F8F7729E7795}.Debug|Any CPU.ActiveCfg = Debug|Any CPU
		{D5D42F27-92EE-41BE-9E90-F8F7729E7795}.Debug|Any CPU.Build.0 = Debug|Any CPU
		{D5D42F27-92EE-41BE-9E90-F8F7729E7795}.Release|Any CPU.ActiveCfg = Release|Any CPU
		{D5D42F27-92EE-41BE-9E90-F8F7729E7795}.Release|Any CPU.Build.0 = Release|Any CPU
	EndGlobalSection
	GlobalSection(SolutionProperties) = preSolution
		HideSolutionNode = FALSE
	EndGlobalSection
	GlobalSection(ExtensibilityGlobals) = postSolution
		SolutionGuid = {E4FE078C-9219-45AF-9959-1658F42E82E3}
	EndGlobalSection
EndGlobal
